// !$*UTF8*$!
{
	archiveVersion = 1;
	classes = {
	};
	objectVersion = 46;
	objects = {

/* Begin PBXBuildFile section */
		1375F9D2D9F0518C1B883C10 /* Pods_twentyninek.framework in Frameworks */ = {isa = PBXBuildFile; fileRef = D7338A61ED976FBED8B7BABF /* Pods_twentyninek.framework */; };
		4BD0D5E21EDD6BE3009EEC6C /* 29k_appvideo.mp4 in Resources */ = {isa = PBXBuildFile; fileRef = 4BD0D5E11EDD6BE3009EEC6C /* 29k_appvideo.mp4 */; };
		4BE9A0A21EDD69CE00675B99 /* DataHandler.swift in Sources */ = {isa = PBXBuildFile; fileRef = 4BE9A09F1EDD69CE00675B99 /* DataHandler.swift */; };
		4BE9A0A31EDD69CE00675B99 /* Dates.swift in Sources */ = {isa = PBXBuildFile; fileRef = 4BE9A0A01EDD69CE00675B99 /* Dates.swift */; };
		4BE9A0A41EDD69CE00675B99 /* Extensions.swift in Sources */ = {isa = PBXBuildFile; fileRef = 4BE9A0A11EDD69CE00675B99 /* Extensions.swift */; };
		4BE9A0A61EDD69EB00675B99 /* StartViewController.swift in Sources */ = {isa = PBXBuildFile; fileRef = 4BE9A0A51EDD69EB00675B99 /* StartViewController.swift */; };
		4BE9A0A81EDD6A1D00675B99 /* CustomTabBar.swift in Sources */ = {isa = PBXBuildFile; fileRef = 4BE9A0A71EDD6A1D00675B99 /* CustomTabBar.swift */; };
		7856F9BD1EDC7BA300CF79A7 /* AppDelegate.swift in Sources */ = {isa = PBXBuildFile; fileRef = 7856F9BC1EDC7BA300CF79A7 /* AppDelegate.swift */; };
		7856F9BF1EDC7BA300CF79A7 /* ProfileViewController.swift in Sources */ = {isa = PBXBuildFile; fileRef = 7856F9BE1EDC7BA300CF79A7 /* ProfileViewController.swift */; };
		7856F9C21EDC7BA300CF79A7 /* Main.storyboard in Resources */ = {isa = PBXBuildFile; fileRef = 7856F9C01EDC7BA300CF79A7 /* Main.storyboard */; };
		7856F9C41EDC7BA300CF79A7 /* Assets.xcassets in Resources */ = {isa = PBXBuildFile; fileRef = 7856F9C31EDC7BA300CF79A7 /* Assets.xcassets */; };
		7856F9C71EDC7BA300CF79A7 /* LaunchScreen.storyboard in Resources */ = {isa = PBXBuildFile; fileRef = 7856F9C51EDC7BA300CF79A7 /* LaunchScreen.storyboard */; };
		78981ACC1EE036B200F4531D /* DesignYourLifePopup.swift in Sources */ = {isa = PBXBuildFile; fileRef = 78981ACB1EE036B200F4531D /* DesignYourLifePopup.swift */; };
		78B54D0E1EE0026000445346 /* ProfileHeaderCell.swift in Sources */ = {isa = PBXBuildFile; fileRef = 78B54D0D1EE0026000445346 /* ProfileHeaderCell.swift */; };
		78B54D101EE0026D00445346 /* BaseCollectionCell.swift in Sources */ = {isa = PBXBuildFile; fileRef = 78B54D0F1EE0026D00445346 /* BaseCollectionCell.swift */; };
		78B54D121EE002C200445346 /* BaseTableCell.swift in Sources */ = {isa = PBXBuildFile; fileRef = 78B54D111EE002C200445346 /* BaseTableCell.swift */; };
		78B54D141EE00D8E00445346 /* CourseOutlineViewController.swift in Sources */ = {isa = PBXBuildFile; fileRef = 78B54D131EE00D8E00445346 /* CourseOutlineViewController.swift */; };
		78B54D161EE0130A00445346 /* CourseHeaderCell.swift in Sources */ = {isa = PBXBuildFile; fileRef = 78B54D151EE0130A00445346 /* CourseHeaderCell.swift */; };
		78B54D181EE013AC00445346 /* CourseCellDone.swift in Sources */ = {isa = PBXBuildFile; fileRef = 78B54D171EE013AC00445346 /* CourseCellDone.swift */; };
		78B54D1A1EE013D400445346 /* CourseCellStart.swift in Sources */ = {isa = PBXBuildFile; fileRef = 78B54D191EE013D400445346 /* CourseCellStart.swift */; };
		78B54D1C1EE0140600445346 /* CourseCellLocked.swift in Sources */ = {isa = PBXBuildFile; fileRef = 78B54D1B1EE0140600445346 /* CourseCellLocked.swift */; };
		78B54D1E1EE0142A00445346 /* CourseTeamSessionDefaultCell.swift in Sources */ = {isa = PBXBuildFile; fileRef = 78B54D1D1EE0142A00445346 /* CourseTeamSessionDefaultCell.swift */; };
		78B54D201EE0144400445346 /* CourseTeamSessionScheduledCell.swift in Sources */ = {isa = PBXBuildFile; fileRef = 78B54D1F1EE0144400445346 /* CourseTeamSessionScheduledCell.swift */; };
		78B54D231EE031EE00445346 /* FindYourFlowInformationPopup.swift in Sources */ = {isa = PBXBuildFile; fileRef = 78B54D221EE031EE00445346 /* FindYourFlowInformationPopup.swift */; };
		78B54D251EE0320B00445346 /* LifeScanInformationPopup.swift in Sources */ = {isa = PBXBuildFile; fileRef = 78B54D241EE0320B00445346 /* LifeScanInformationPopup.swift */; };
		78B54D271EE0323800445346 /* StartWithWhyInformationPopup.swift in Sources */ = {isa = PBXBuildFile; fileRef = 78B54D261EE0323800445346 /* StartWithWhyInformationPopup.swift */; };
/* End PBXBuildFile section */

/* Begin PBXFileReference section */
		35A057C153ED92B24D63F741 /* Pods-twentyninek.debug.xcconfig */ = {isa = PBXFileReference; includeInIndex = 1; lastKnownFileType = text.xcconfig; name = "Pods-twentyninek.debug.xcconfig"; path = "Pods/Target Support Files/Pods-twentyninek/Pods-twentyninek.debug.xcconfig"; sourceTree = "<group>"; };
		4BD0D5E11EDD6BE3009EEC6C /* 29k_appvideo.mp4 */ = {isa = PBXFileReference; lastKnownFileType = file; path = 29k_appvideo.mp4; sourceTree = "<group>"; };
		4BE9A09F1EDD69CE00675B99 /* DataHandler.swift */ = {isa = PBXFileReference; fileEncoding = 4; lastKnownFileType = sourcecode.swift; path = DataHandler.swift; sourceTree = "<group>"; };
		4BE9A0A01EDD69CE00675B99 /* Dates.swift */ = {isa = PBXFileReference; fileEncoding = 4; lastKnownFileType = sourcecode.swift; path = Dates.swift; sourceTree = "<group>"; };
		4BE9A0A11EDD69CE00675B99 /* Extensions.swift */ = {isa = PBXFileReference; fileEncoding = 4; lastKnownFileType = sourcecode.swift; path = Extensions.swift; sourceTree = "<group>"; };
		4BE9A0A51EDD69EB00675B99 /* StartViewController.swift */ = {isa = PBXFileReference; fileEncoding = 4; lastKnownFileType = sourcecode.swift; path = StartViewController.swift; sourceTree = "<group>"; };
		4BE9A0A71EDD6A1D00675B99 /* CustomTabBar.swift */ = {isa = PBXFileReference; fileEncoding = 4; lastKnownFileType = sourcecode.swift; path = CustomTabBar.swift; sourceTree = "<group>"; };
		7856F9B91EDC7BA300CF79A7 /* twentyninek.app */ = {isa = PBXFileReference; explicitFileType = wrapper.application; includeInIndex = 0; path = twentyninek.app; sourceTree = BUILT_PRODUCTS_DIR; };
		7856F9BC1EDC7BA300CF79A7 /* AppDelegate.swift */ = {isa = PBXFileReference; lastKnownFileType = sourcecode.swift; path = AppDelegate.swift; sourceTree = "<group>"; };
		7856F9BE1EDC7BA300CF79A7 /* ProfileViewController.swift */ = {isa = PBXFileReference; lastKnownFileType = sourcecode.swift; path = ProfileViewController.swift; sourceTree = "<group>"; };
		7856F9C11EDC7BA300CF79A7 /* Base */ = {isa = PBXFileReference; lastKnownFileType = file.storyboard; name = Base; path = Base.lproj/Main.storyboard; sourceTree = "<group>"; };
		7856F9C31EDC7BA300CF79A7 /* Assets.xcassets */ = {isa = PBXFileReference; lastKnownFileType = folder.assetcatalog; path = Assets.xcassets; sourceTree = "<group>"; };
		7856F9C61EDC7BA300CF79A7 /* Base */ = {isa = PBXFileReference; lastKnownFileType = file.storyboard; name = Base; path = Base.lproj/LaunchScreen.storyboard; sourceTree = "<group>"; };
		7856F9C81EDC7BA300CF79A7 /* Info.plist */ = {isa = PBXFileReference; lastKnownFileType = text.plist.xml; path = Info.plist; sourceTree = "<group>"; };
		78981ACB1EE036B200F4531D /* DesignYourLifePopup.swift */ = {isa = PBXFileReference; fileEncoding = 4; lastKnownFileType = sourcecode.swift; path = DesignYourLifePopup.swift; sourceTree = "<group>"; };
		78B54D0D1EE0026000445346 /* ProfileHeaderCell.swift */ = {isa = PBXFileReference; fileEncoding = 4; lastKnownFileType = sourcecode.swift; path = ProfileHeaderCell.swift; sourceTree = "<group>"; };
		78B54D0F1EE0026D00445346 /* BaseCollectionCell.swift */ = {isa = PBXFileReference; fileEncoding = 4; lastKnownFileType = sourcecode.swift; path = BaseCollectionCell.swift; sourceTree = "<group>"; };
		78B54D111EE002C200445346 /* BaseTableCell.swift */ = {isa = PBXFileReference; fileEncoding = 4; lastKnownFileType = sourcecode.swift; path = BaseTableCell.swift; sourceTree = "<group>"; };
		78B54D131EE00D8E00445346 /* CourseOutlineViewController.swift */ = {isa = PBXFileReference; fileEncoding = 4; lastKnownFileType = sourcecode.swift; path = CourseOutlineViewController.swift; sourceTree = "<group>"; };
		78B54D151EE0130A00445346 /* CourseHeaderCell.swift */ = {isa = PBXFileReference; fileEncoding = 4; lastKnownFileType = sourcecode.swift; path = CourseHeaderCell.swift; sourceTree = "<group>"; };
		78B54D171EE013AC00445346 /* CourseCellDone.swift */ = {isa = PBXFileReference; fileEncoding = 4; lastKnownFileType = sourcecode.swift; path = CourseCellDone.swift; sourceTree = "<group>"; };
		78B54D191EE013D400445346 /* CourseCellStart.swift */ = {isa = PBXFileReference; fileEncoding = 4; lastKnownFileType = sourcecode.swift; path = CourseCellStart.swift; sourceTree = "<group>"; };
		78B54D1B1EE0140600445346 /* CourseCellLocked.swift */ = {isa = PBXFileReference; fileEncoding = 4; lastKnownFileType = sourcecode.swift; path = CourseCellLocked.swift; sourceTree = "<group>"; };
		78B54D1D1EE0142A00445346 /* CourseTeamSessionDefaultCell.swift */ = {isa = PBXFileReference; fileEncoding = 4; lastKnownFileType = sourcecode.swift; path = CourseTeamSessionDefaultCell.swift; sourceTree = "<group>"; };
		78B54D1F1EE0144400445346 /* CourseTeamSessionScheduledCell.swift */ = {isa = PBXFileReference; fileEncoding = 4; lastKnownFileType = sourcecode.swift; path = CourseTeamSessionScheduledCell.swift; sourceTree = "<group>"; };
		78B54D221EE031EE00445346 /* FindYourFlowInformationPopup.swift */ = {isa = PBXFileReference; fileEncoding = 4; lastKnownFileType = sourcecode.swift; path = FindYourFlowInformationPopup.swift; sourceTree = "<group>"; };
		78B54D241EE0320B00445346 /* LifeScanInformationPopup.swift */ = {isa = PBXFileReference; fileEncoding = 4; lastKnownFileType = sourcecode.swift; path = LifeScanInformationPopup.swift; sourceTree = "<group>"; };
		78B54D261EE0323800445346 /* StartWithWhyInformationPopup.swift */ = {isa = PBXFileReference; fileEncoding = 4; lastKnownFileType = sourcecode.swift; path = StartWithWhyInformationPopup.swift; sourceTree = "<group>"; };
		99EF3E5741F915309CD862E9 /* Pods-twentyninek.release.xcconfig */ = {isa = PBXFileReference; includeInIndex = 1; lastKnownFileType = text.xcconfig; name = "Pods-twentyninek.release.xcconfig"; path = "Pods/Target Support Files/Pods-twentyninek/Pods-twentyninek.release.xcconfig"; sourceTree = "<group>"; };
		D7338A61ED976FBED8B7BABF /* Pods_twentyninek.framework */ = {isa = PBXFileReference; explicitFileType = wrapper.framework; includeInIndex = 0; path = Pods_twentyninek.framework; sourceTree = BUILT_PRODUCTS_DIR; };
/* End PBXFileReference section */

/* Begin PBXFrameworksBuildPhase section */
		7856F9B61EDC7BA300CF79A7 /* Frameworks */ = {
			isa = PBXFrameworksBuildPhase;
			buildActionMask = 2147483647;
			files = (
				1375F9D2D9F0518C1B883C10 /* Pods_twentyninek.framework in Frameworks */,
			);
			runOnlyForDeploymentPostprocessing = 0;
		};
/* End PBXFrameworksBuildPhase section */

/* Begin PBXGroup section */
		1CB9E08B9EACA6710E5876D6 /* Frameworks */ = {
			isa = PBXGroup;
			children = (
				D7338A61ED976FBED8B7BABF /* Pods_twentyninek.framework */,
			);
			name = Frameworks;
			sourceTree = "<group>";
		};
		4BE9A09E1EDD698C00675B99 /* Helpers */ = {
			isa = PBXGroup;
			children = (
				4BE9A09F1EDD69CE00675B99 /* DataHandler.swift */,
				4BE9A0A01EDD69CE00675B99 /* Dates.swift */,
				4BE9A0A11EDD69CE00675B99 /* Extensions.swift */,
			);
			name = Helpers;
			sourceTree = "<group>";
		};
		7856F9B01EDC7BA300CF79A7 = {
			isa = PBXGroup;
			children = (
				7856F9BB1EDC7BA300CF79A7 /* twentyninek */,
				7856F9BA1EDC7BA300CF79A7 /* Products */,
				A5D2B23A02503772CBD1862D /* Pods */,
				1CB9E08B9EACA6710E5876D6 /* Frameworks */,
			);
			sourceTree = "<group>";
		};
		7856F9BA1EDC7BA300CF79A7 /* Products */ = {
			isa = PBXGroup;
			children = (
				7856F9B91EDC7BA300CF79A7 /* twentyninek.app */,
			);
			name = Products;
			sourceTree = "<group>";
		};
		7856F9BB1EDC7BA300CF79A7 /* twentyninek */ = {
			isa = PBXGroup;
			children = (
				4BE9A09E1EDD698C00675B99 /* Helpers */,
				78B54D0C1EE0023D00445346 /* Cells */,
				78B54D211EE031B600445346 /* Popups */,
				7856F9BC1EDC7BA300CF79A7 /* AppDelegate.swift */,
				4BE9A0A71EDD6A1D00675B99 /* CustomTabBar.swift */,
				4BE9A0A51EDD69EB00675B99 /* StartViewController.swift */,
				7856F9BE1EDC7BA300CF79A7 /* ProfileViewController.swift */,
				78B54D131EE00D8E00445346 /* CourseOutlineViewController.swift */,
				4BD0D5E11EDD6BE3009EEC6C /* 29k_appvideo.mp4 */,
				7856F9C01EDC7BA300CF79A7 /* Main.storyboard */,
				7856F9C31EDC7BA300CF79A7 /* Assets.xcassets */,
				7856F9C51EDC7BA300CF79A7 /* LaunchScreen.storyboard */,
				7856F9C81EDC7BA300CF79A7 /* Info.plist */,
			);
			path = twentyninek;
			sourceTree = "<group>";
		};
		78B54D0C1EE0023D00445346 /* Cells */ = {
			isa = PBXGroup;
			children = (
				78B54D0F1EE0026D00445346 /* BaseCollectionCell.swift */,
				78B54D111EE002C200445346 /* BaseTableCell.swift */,
				78B54D0D1EE0026000445346 /* ProfileHeaderCell.swift */,
				78B54D151EE0130A00445346 /* CourseHeaderCell.swift */,
				78B54D171EE013AC00445346 /* CourseCellDone.swift */,
				78B54D191EE013D400445346 /* CourseCellStart.swift */,
				78B54D1B1EE0140600445346 /* CourseCellLocked.swift */,
				78B54D1D1EE0142A00445346 /* CourseTeamSessionDefaultCell.swift */,
				78B54D1F1EE0144400445346 /* CourseTeamSessionScheduledCell.swift */,
			);
			name = Cells;
			sourceTree = "<group>";
		};
		78B54D211EE031B600445346 /* Popups */ = {
			isa = PBXGroup;
			children = (
				78B54D241EE0320B00445346 /* LifeScanInformationPopup.swift */,
				78B54D261EE0323800445346 /* StartWithWhyInformationPopup.swift */,
				78B54D221EE031EE00445346 /* FindYourFlowInformationPopup.swift */,
				78981ACB1EE036B200F4531D /* DesignYourLifePopup.swift */,
			);
			name = Popups;
			sourceTree = "<group>";
		};
		A5D2B23A02503772CBD1862D /* Pods */ = {
			isa = PBXGroup;
			children = (
				35A057C153ED92B24D63F741 /* Pods-twentyninek.debug.xcconfig */,
				99EF3E5741F915309CD862E9 /* Pods-twentyninek.release.xcconfig */,
			);
			name = Pods;
			sourceTree = "<group>";
		};
/* End PBXGroup section */

/* Begin PBXNativeTarget section */
		7856F9B81EDC7BA300CF79A7 /* twentyninek */ = {
			isa = PBXNativeTarget;
			buildConfigurationList = 7856F9CB1EDC7BA300CF79A7 /* Build configuration list for PBXNativeTarget "twentyninek" */;
			buildPhases = (
				4F40E45B456309B2B377BC92 /* [CP] Check Pods Manifest.lock */,
				7856F9B51EDC7BA300CF79A7 /* Sources */,
				7856F9B61EDC7BA300CF79A7 /* Frameworks */,
				7856F9B71EDC7BA300CF79A7 /* Resources */,
				FC109FD103F9A22C11868195 /* [CP] Embed Pods Frameworks */,
				80202F086F99B1A0F32E6D10 /* [CP] Copy Pods Resources */,
			);
			buildRules = (
			);
			dependencies = (
			);
			name = twentyninek;
			productName = twentyninek;
			productReference = 7856F9B91EDC7BA300CF79A7 /* twentyninek.app */;
			productType = "com.apple.product-type.application";
		};
/* End PBXNativeTarget section */

/* Begin PBXProject section */
		7856F9B11EDC7BA300CF79A7 /* Project object */ = {
			isa = PBXProject;
			attributes = {
				LastSwiftUpdateCheck = 0830;
				LastUpgradeCheck = 0830;
				ORGANIZATIONNAME = 29k;
				TargetAttributes = {
					7856F9B81EDC7BA300CF79A7 = {
						CreatedOnToolsVersion = 8.3.2;
						DevelopmentTeam = 68Y57ZGKLJ;
						ProvisioningStyle = Automatic;
					};
				};
			};
			buildConfigurationList = 7856F9B41EDC7BA300CF79A7 /* Build configuration list for PBXProject "twentyninek" */;
			compatibilityVersion = "Xcode 3.2";
			developmentRegion = English;
			hasScannedForEncodings = 0;
			knownRegions = (
				en,
				Base,
			);
			mainGroup = 7856F9B01EDC7BA300CF79A7;
			productRefGroup = 7856F9BA1EDC7BA300CF79A7 /* Products */;
			projectDirPath = "";
			projectRoot = "";
			targets = (
				7856F9B81EDC7BA300CF79A7 /* twentyninek */,
			);
		};
/* End PBXProject section */

/* Begin PBXResourcesBuildPhase section */
		7856F9B71EDC7BA300CF79A7 /* Resources */ = {
			isa = PBXResourcesBuildPhase;
			buildActionMask = 2147483647;
			files = (
				4BD0D5E21EDD6BE3009EEC6C /* 29k_appvideo.mp4 in Resources */,
				7856F9C71EDC7BA300CF79A7 /* LaunchScreen.storyboard in Resources */,
				7856F9C41EDC7BA300CF79A7 /* Assets.xcassets in Resources */,
				7856F9C21EDC7BA300CF79A7 /* Main.storyboard in Resources */,
			);
			runOnlyForDeploymentPostprocessing = 0;
		};
/* End PBXResourcesBuildPhase section */

/* Begin PBXShellScriptBuildPhase section */
		4F40E45B456309B2B377BC92 /* [CP] Check Pods Manifest.lock */ = {
			isa = PBXShellScriptBuildPhase;
			buildActionMask = 2147483647;
			files = (
			);
			inputPaths = (
			);
			name = "[CP] Check Pods Manifest.lock";
			outputPaths = (
			);
			runOnlyForDeploymentPostprocessing = 0;
			shellPath = /bin/sh;
			shellScript = "diff \"${PODS_PODFILE_DIR_PATH}/Podfile.lock\" \"${PODS_ROOT}/Manifest.lock\" > /dev/null\nif [ $? != 0 ] ; then\n    # print error to STDERR\n    echo \"error: The sandbox is not in sync with the Podfile.lock. Run 'pod install' or update your CocoaPods installation.\" >&2\n    exit 1\nfi\n";
			showEnvVarsInLog = 0;
		};
		80202F086F99B1A0F32E6D10 /* [CP] Copy Pods Resources */ = {
			isa = PBXShellScriptBuildPhase;
			buildActionMask = 2147483647;
			files = (
			);
			inputPaths = (
			);
			name = "[CP] Copy Pods Resources";
			outputPaths = (
			);
			runOnlyForDeploymentPostprocessing = 0;
			shellPath = /bin/sh;
			shellScript = "\"${SRCROOT}/Pods/Target Support Files/Pods-twentyninek/Pods-twentyninek-resources.sh\"\n";
			showEnvVarsInLog = 0;
		};
		FC109FD103F9A22C11868195 /* [CP] Embed Pods Frameworks */ = {
			isa = PBXShellScriptBuildPhase;
			buildActionMask = 2147483647;
			files = (
			);
			inputPaths = (
			);
			name = "[CP] Embed Pods Frameworks";
			outputPaths = (
			);
			runOnlyForDeploymentPostprocessing = 0;
			shellPath = /bin/sh;
			shellScript = "\"${SRCROOT}/Pods/Target Support Files/Pods-twentyninek/Pods-twentyninek-frameworks.sh\"\n";
			showEnvVarsInLog = 0;
		};
/* End PBXShellScriptBuildPhase section */

/* Begin PBXSourcesBuildPhase section */
		7856F9B51EDC7BA300CF79A7 /* Sources */ = {
			isa = PBXSourcesBuildPhase;
			buildActionMask = 2147483647;
			files = (
				4BE9A0A41EDD69CE00675B99 /* Extensions.swift in Sources */,
				78B54D201EE0144400445346 /* CourseTeamSessionScheduledCell.swift in Sources */,
				78981ACC1EE036B200F4531D /* DesignYourLifePopup.swift in Sources */,
				78B54D101EE0026D00445346 /* BaseCollectionCell.swift in Sources */,
				7856F9BF1EDC7BA300CF79A7 /* ProfileViewController.swift in Sources */,
				78B54D1A1EE013D400445346 /* CourseCellStart.swift in Sources */,
				78B54D161EE0130A00445346 /* CourseHeaderCell.swift in Sources */,
				4BE9A0A81EDD6A1D00675B99 /* CustomTabBar.swift in Sources */,
				78B54D1E1EE0142A00445346 /* CourseTeamSessionDefaultCell.swift in Sources */,
				78B54D141EE00D8E00445346 /* CourseOutlineViewController.swift in Sources */,
				78B54D271EE0323800445346 /* StartWithWhyInformationPopup.swift in Sources */,
				78B54D181EE013AC00445346 /* CourseCellDone.swift in Sources */,
				4BE9A0A21EDD69CE00675B99 /* DataHandler.swift in Sources */,
				78B54D231EE031EE00445346 /* FindYourFlowInformationPopup.swift in Sources */,
				78B54D0E1EE0026000445346 /* ProfileHeaderCell.swift in Sources */,
				7856F9BD1EDC7BA300CF79A7 /* AppDelegate.swift in Sources */,
				78B54D121EE002C200445346 /* BaseTableCell.swift in Sources */,
				78B54D1C1EE0140600445346 /* CourseCellLocked.swift in Sources */,
				78B54D251EE0320B00445346 /* LifeScanInformationPopup.swift in Sources */,
				4BE9A0A31EDD69CE00675B99 /* Dates.swift in Sources */,
				4BE9A0A61EDD69EB00675B99 /* StartViewController.swift in Sources */,
			);
			runOnlyForDeploymentPostprocessing = 0;
		};
/* End PBXSourcesBuildPhase section */

/* Begin PBXVariantGroup section */
		7856F9C01EDC7BA300CF79A7 /* Main.storyboard */ = {
			isa = PBXVariantGroup;
			children = (
				7856F9C11EDC7BA300CF79A7 /* Base */,
			);
			name = Main.storyboard;
			sourceTree = "<group>";
		};
		7856F9C51EDC7BA300CF79A7 /* LaunchScreen.storyboard */ = {
			isa = PBXVariantGroup;
			children = (
				7856F9C61EDC7BA300CF79A7 /* Base */,
			);
			name = LaunchScreen.storyboard;
			sourceTree = "<group>";
		};
/* End PBXVariantGroup section */

/* Begin XCBuildConfiguration section */
		7856F9C91EDC7BA300CF79A7 /* Debug */ = {
			isa = XCBuildConfiguration;
			buildSettings = {
				ALWAYS_SEARCH_USER_PATHS = NO;
				CLANG_ANALYZER_NONNULL = YES;
				CLANG_ANALYZER_NUMBER_OBJECT_CONVERSION = YES_AGGRESSIVE;
				CLANG_CXX_LANGUAGE_STANDARD = "gnu++0x";
				CLANG_CXX_LIBRARY = "libc++";
				CLANG_ENABLE_MODULES = YES;
				CLANG_ENABLE_OBJC_ARC = YES;
				CLANG_WARN_BOOL_CONVERSION = YES;
				CLANG_WARN_CONSTANT_CONVERSION = YES;
				CLANG_WARN_DIRECT_OBJC_ISA_USAGE = YES_ERROR;
				CLANG_WARN_DOCUMENTATION_COMMENTS = YES;
				CLANG_WARN_EMPTY_BODY = YES;
				CLANG_WARN_ENUM_CONVERSION = YES;
				CLANG_WARN_INFINITE_RECURSION = YES;
				CLANG_WARN_INT_CONVERSION = YES;
				CLANG_WARN_OBJC_ROOT_CLASS = YES_ERROR;
				CLANG_WARN_SUSPICIOUS_MOVE = YES;
				CLANG_WARN_UNREACHABLE_CODE = YES;
				CLANG_WARN__DUPLICATE_METHOD_MATCH = YES;
				"CODE_SIGN_IDENTITY[sdk=iphoneos*]" = "iPhone Developer";
				COPY_PHASE_STRIP = NO;
				DEBUG_INFORMATION_FORMAT = dwarf;
				ENABLE_STRICT_OBJC_MSGSEND = YES;
				ENABLE_TESTABILITY = YES;
				GCC_C_LANGUAGE_STANDARD = gnu99;
				GCC_DYNAMIC_NO_PIC = NO;
				GCC_NO_COMMON_BLOCKS = YES;
				GCC_OPTIMIZATION_LEVEL = 0;
				GCC_PREPROCESSOR_DEFINITIONS = (
					"DEBUG=1",
					"$(inherited)",
				);
				GCC_WARN_64_TO_32_BIT_CONVERSION = YES;
				GCC_WARN_ABOUT_RETURN_TYPE = YES_ERROR;
				GCC_WARN_UNDECLARED_SELECTOR = YES;
				GCC_WARN_UNINITIALIZED_AUTOS = YES_AGGRESSIVE;
				GCC_WARN_UNUSED_FUNCTION = YES;
				GCC_WARN_UNUSED_VARIABLE = YES;
				IPHONEOS_DEPLOYMENT_TARGET = 10.3;
				MTL_ENABLE_DEBUG_INFO = YES;
				ONLY_ACTIVE_ARCH = YES;
				SDKROOT = iphoneos;
				SWIFT_ACTIVE_COMPILATION_CONDITIONS = DEBUG;
				SWIFT_OPTIMIZATION_LEVEL = "-Onone";
				TARGETED_DEVICE_FAMILY = "1,2";
			};
			name = Debug;
		};
		7856F9CA1EDC7BA300CF79A7 /* Release */ = {
			isa = XCBuildConfiguration;
			buildSettings = {
				ALWAYS_SEARCH_USER_PATHS = NO;
				CLANG_ANALYZER_NONNULL = YES;
				CLANG_ANALYZER_NUMBER_OBJECT_CONVERSION = YES_AGGRESSIVE;
				CLANG_CXX_LANGUAGE_STANDARD = "gnu++0x";
				CLANG_CXX_LIBRARY = "libc++";
				CLANG_ENABLE_MODULES = YES;
				CLANG_ENABLE_OBJC_ARC = YES;
				CLANG_WARN_BOOL_CONVERSION = YES;
				CLANG_WARN_CONSTANT_CONVERSION = YES;
				CLANG_WARN_DIRECT_OBJC_ISA_USAGE = YES_ERROR;
				CLANG_WARN_DOCUMENTATION_COMMENTS = YES;
				CLANG_WARN_EMPTY_BODY = YES;
				CLANG_WARN_ENUM_CONVERSION = YES;
				CLANG_WARN_INFINITE_RECURSION = YES;
				CLANG_WARN_INT_CONVERSION = YES;
				CLANG_WARN_OBJC_ROOT_CLASS = YES_ERROR;
				CLANG_WARN_SUSPICIOUS_MOVE = YES;
				CLANG_WARN_UNREACHABLE_CODE = YES;
				CLANG_WARN__DUPLICATE_METHOD_MATCH = YES;
				"CODE_SIGN_IDENTITY[sdk=iphoneos*]" = "iPhone Developer";
				COPY_PHASE_STRIP = NO;
				DEBUG_INFORMATION_FORMAT = "dwarf-with-dsym";
				ENABLE_NS_ASSERTIONS = NO;
				ENABLE_STRICT_OBJC_MSGSEND = YES;
				GCC_C_LANGUAGE_STANDARD = gnu99;
				GCC_NO_COMMON_BLOCKS = YES;
				GCC_WARN_64_TO_32_BIT_CONVERSION = YES;
				GCC_WARN_ABOUT_RETURN_TYPE = YES_ERROR;
				GCC_WARN_UNDECLARED_SELECTOR = YES;
				GCC_WARN_UNINITIALIZED_AUTOS = YES_AGGRESSIVE;
				GCC_WARN_UNUSED_FUNCTION = YES;
				GCC_WARN_UNUSED_VARIABLE = YES;
				IPHONEOS_DEPLOYMENT_TARGET = 10.3;
				MTL_ENABLE_DEBUG_INFO = NO;
				SDKROOT = iphoneos;
				SWIFT_OPTIMIZATION_LEVEL = "-Owholemodule";
				TARGETED_DEVICE_FAMILY = "1,2";
				VALIDATE_PRODUCT = YES;
			};
			name = Release;
		};
		7856F9CC1EDC7BA300CF79A7 /* Debug */ = {
			isa = XCBuildConfiguration;
			baseConfigurationReference = 35A057C153ED92B24D63F741 /* Pods-twentyninek.debug.xcconfig */;
			buildSettings = {
				ASSETCATALOG_COMPILER_APPICON_NAME = AppIcon;
				DEVELOPMENT_TEAM = 68Y57ZGKLJ;
				INFOPLIST_FILE = twentyninek/Info.plist;
				IPHONEOS_DEPLOYMENT_TARGET = 10.0;
				LD_RUNPATH_SEARCH_PATHS = "$(inherited) @executable_path/Frameworks";
				PRODUCT_BUNDLE_IDENTIFIER = org.29k.twentyninek;
				PRODUCT_NAME = "$(TARGET_NAME)";
				SWIFT_VERSION = 3.0;
				TARGETED_DEVICE_FAMILY = 1;
			};
			name = Debug;
		};
		7856F9CD1EDC7BA300CF79A7 /* Release */ = {
			isa = XCBuildConfiguration;
			baseConfigurationReference = 99EF3E5741F915309CD862E9 /* Pods-twentyninek.release.xcconfig */;
			buildSettings = {
				ASSETCATALOG_COMPILER_APPICON_NAME = AppIcon;
				DEVELOPMENT_TEAM = 68Y57ZGKLJ;
				INFOPLIST_FILE = twentyninek/Info.plist;
				IPHONEOS_DEPLOYMENT_TARGET = 10.0;
				LD_RUNPATH_SEARCH_PATHS = "$(inherited) @executable_path/Frameworks";
				PRODUCT_BUNDLE_IDENTIFIER = org.29k.twentyninek;
				PRODUCT_NAME = "$(TARGET_NAME)";
				SWIFT_VERSION = 3.0;
				TARGETED_DEVICE_FAMILY = 1;
			};
			name = Release;
		};
/* End XCBuildConfiguration section */

/* Begin XCConfigurationList section */
		7856F9B41EDC7BA300CF79A7 /* Build configuration list for PBXProject "twentyninek" */ = {
			isa = XCConfigurationList;
			buildConfigurations = (
				7856F9C91EDC7BA300CF79A7 /* Debug */,
				7856F9CA1EDC7BA300CF79A7 /* Release */,
			);
			defaultConfigurationIsVisible = 0;
			defaultConfigurationName = Release;
		};
		7856F9CB1EDC7BA300CF79A7 /* Build configuration list for PBXNativeTarget "twentyninek" */ = {
			isa = XCConfigurationList;
			buildConfigurations = (
				7856F9CC1EDC7BA300CF79A7 /* Debug */,
				7856F9CD1EDC7BA300CF79A7 /* Release */,
			);
			defaultConfigurationIsVisible = 0;
			defaultConfigurationName = Release;
		};
/* End XCConfigurationList section */
	};
	rootObject = 7856F9B11EDC7BA300CF79A7 /* Project object */;
}
